
Microsoft Visual Studio Solution File, Format Version 12.00
# Visual Studio 15
VisualStudioVersion = 15.0.28307.106
MinimumVisualStudioVersion = 10.0.40219.1
Project("{8BC9CEB8-8B4A-11D0-8D11-00A0C91BC942}") = "DcsExp", "DcsExp\DcsExp.vcxproj", "{E60A6AA5-5D15-452C-97BF-EB1AF5008396}"
EndProject
Global
	GlobalSection(SolutionConfigurationPlatforms) = preSolution
		Debug|x64 = Debug|x64
		Debug|x86 = Debug|x86
		Release|x64 = Release|x64
		Release|x86 = Release|x86
	EndGlobalSection
	GlobalSection(ProjectConfigurationPlatforms) = postSolution
		{E60A6AA5-5D15-452C-97BF-EB1AF5008396}.Debug|x64.ActiveCfg = Debug|x64
		{E60A6AA5-5D15-452C-97BF-EB1AF5008396}.Debug|x64.Build.0 = Debug|x64
		{E60A6AA5-5D15-452C-97BF-EB1AF5008396}.Debug|x86.ActiveCfg = Debug|Win32
		{E60A6AA5-5D15-452C-97BF-EB1AF5008396}.Debug|x86.Build.0 = Debug|Win32
		{E60A6AA5-5D15-452C-97BF-EB1AF5008396}.Release|x64.ActiveCfg = Release|x64
		{E60A6AA5-5D15-452C-97BF-EB1AF5008396}.Release|x64.Build.0 = Release|x64
		{E60A6AA5-5D15-452C-97BF-EB1AF5008396}.Release|x86.ActiveCfg = Release|Win32
		{E60A6AA5-5D15-452C-97BF-EB1AF5008396}.Release|x86.Build.0 = Release|Win32
	EndGlobalSection
	GlobalSection(SolutionProperties) = preSolution
		HideSolutionNode = FALSE
	EndGlobalSection
	GlobalSection(ExtensibilityGlobals) = postSolution
		SolutionGuid = {4DF5A41D-E272-4812-8EFC-1ADFBD4C2785}
	EndGlobalSection
EndGlobal
